
Microsoft Visual Studio Solution File, Format Version 12.00
# Visual Studio Version 17
VisualStudioVersion = 17.9.34902.65
MinimumVisualStudioVersion = 10.0.40219.1
Project("{FAE04EC0-301F-11D3-BF4B-00C04F79EFBC}") = "SkySpeed", "SkySpeed.csproj", "{702F434F-6F40-4F2B-BC61-A2D224B6373F}"
	ProjectSection(ProjectDependencies) = postProject
		{03703C56-9C0E-4397-B260-0718C179C2AB} = {03703C56-9C0E-4397-B260-0718C179C2AB}
		{51CB4D63-9CF9-4080-B841-25362A08D953} = {51CB4D63-9CF9-4080-B841-25362A08D953}
		{C9686150-D713-4401-B404-251DFA5CC70E} = {C9686150-D713-4401-B404-251DFA5CC70E}
		{E62EB919-77EB-4462-AD45-8C0BE44BC6CF} = {E62EB919-77EB-4462-AD45-8C0BE44BC6CF}
	EndProjectSection
EndProject
Project("{FAE04EC0-301F-11D3-BF4B-00C04F79EFBC}") = "SkySpeedSetup", "SkySpeedSetup\SkySpeedSetup.csproj", "{75B91A44-6693-4BB6-932A-5DC0D65B3ED5}"
	ProjectSection(ProjectDependencies) = postProject
		{03703C56-9C0E-4397-B260-0718C179C2AB} = {03703C56-9C0E-4397-B260-0718C179C2AB}
		{51CB4D63-9CF9-4080-B841-25362A08D953} = {51CB4D63-9CF9-4080-B841-25362A08D953}
	EndProjectSection
EndProject
Project("{FAE04EC0-301F-11D3-BF4B-00C04F79EFBC}") = "Handler", "Handler\Handler.csproj", "{03703C56-9C0E-4397-B260-0718C179C2AB}"
EndProject
Project("{FAE04EC0-301F-11D3-BF4B-00C04F79EFBC}") = "MessageLog", "MessageLog\MessageLog.csproj", "{51CB4D63-9CF9-4080-B841-25362A08D953}"
EndProject
Project("{FAE04EC0-301F-11D3-BF4B-00C04F79EFBC}") = "SharedData", "SharedData\SharedData.csproj", "{E62EB919-77EB-4462-AD45-8C0BE44BC6CF}"
EndProject
Project("{FAE04EC0-301F-11D3-BF4B-00C04F79EFBC}") = "Constant", "..\Constant\Constant.csproj", "{C9686150-D713-4401-B404-251DFA5CC70E}"
EndProject
Global
	GlobalSection(SolutionConfigurationPlatforms) = preSolution
		Debug|Any CPU = Debug|Any CPU
		Release|Any CPU = Release|Any CPU
	EndGlobalSection
	GlobalSection(ProjectConfigurationPlatforms) = postSolution
		{702F434F-6F40-4F2B-BC61-A2D224B6373F}.Debug|Any CPU.ActiveCfg = Debug|Any CPU
		{702F434F-6F40-4F2B-BC61-A2D224B6373F}.Debug|Any CPU.Build.0 = Debug|Any CPU
		{702F434F-6F40-4F2B-BC61-A2D224B6373F}.Release|Any CPU.ActiveCfg = Release|Any CPU
		{702F434F-6F40-4F2B-BC61-A2D224B6373F}.Release|Any CPU.Build.0 = Release|Any CPU
		{75B91A44-6693-4BB6-932A-5DC0D65B3ED5}.Debug|Any CPU.ActiveCfg = Debug|Any CPU
		{75B91A44-6693-4BB6-932A-5DC0D65B3ED5}.Debug|Any CPU.Build.0 = Debug|Any CPU
		{75B91A44-6693-4BB6-932A-5DC0D65B3ED5}.Release|Any CPU.ActiveCfg = Release|Any CPU
		{75B91A44-6693-4BB6-932A-5DC0D65B3ED5}.Release|Any CPU.Build.0 = Release|Any CPU
		{03703C56-9C0E-4397-B260-0718C179C2AB}.Debug|Any CPU.ActiveCfg = Debug|Any CPU
		{03703C56-9C0E-4397-B260-0718C179C2AB}.Debug|Any CPU.Build.0 = Debug|Any CPU
		{03703C56-9C0E-4397-B260-0718C179C2AB}.Release|Any CPU.ActiveCfg = Release|Any CPU
		{03703C56-9C0E-4397-B260-0718C179C2AB}.Release|Any CPU.Build.0 = Release|Any CPU
		{51CB4D63-9CF9-4080-B841-25362A08D953}.Debug|Any CPU.ActiveCfg = Debug|Any CPU
		{51CB4D63-9CF9-4080-B841-25362A08D953}.Debug|Any CPU.Build.0 = Debug|Any CPU
		{51CB4D63-9CF9-4080-B841-25362A08D953}.Release|Any CPU.ActiveCfg = Release|Any CPU
		{51CB4D63-9CF9-4080-B841-25362A08D953}.Release|Any CPU.Build.0 = Release|Any CPU
		{E62EB919-77EB-4462-AD45-8C0BE44BC6CF}.Debug|Any CPU.ActiveCfg = Debug|Any CPU
		{E62EB919-77EB-4462-AD45-8C0BE44BC6CF}.Debug|Any CPU.Build.0 = Debug|Any CPU
		{E62EB919-77EB-4462-AD45-8C0BE44BC6CF}.Release|Any CPU.ActiveCfg = Release|Any CPU
		{E62EB919-77EB-4462-AD45-8C0BE44BC6CF}.Release|Any CPU.Build.0 = Release|Any CPU
		{C9686150-D713-4401-B404-251DFA5CC70E}.Debug|Any CPU.ActiveCfg = Debug|Any CPU
		{C9686150-D713-4401-B404-251DFA5CC70E}.Debug|Any CPU.Build.0 = Debug|Any CPU
		{C9686150-D713-4401-B404-251DFA5CC70E}.Release|Any CPU.ActiveCfg = Release|Any CPU
		{C9686150-D713-4401-B404-251DFA5CC70E}.Release|Any CPU.Build.0 = Release|Any CPU
	EndGlobalSection
	GlobalSection(SolutionProperties) = preSolution
		HideSolutionNode = FALSE
	EndGlobalSection
	GlobalSection(ExtensibilityGlobals) = postSolution
		SolutionGuid = {08378C9F-FBA6-4B90-A714-4224BD0B8531}
	EndGlobalSection
EndGlobal
